
Microsoft Visual Studio Solution File, Format Version 12.00
# Visual Studio Version 17
VisualStudioVersion = 17.11.35312.102
MinimumVisualStudioVersion = 10.0.40219.1
Project("{FAE04EC0-301F-11D3-BF4B-00C04F79EFBC}") = "P5_1_714230037", "P5_1_714230037\P5_1_714230037.csproj", "{7B3B3F50-2F8D-4B63-A2CA-B28EBE3EF79A}"
EndProject
Global
	GlobalSection(SolutionConfigurationPlatforms) = preSolution
		Debug|Any CPU = Debug|Any CPU
		Release|Any CPU = Release|Any CPU
	EndGlobalSection
	GlobalSection(ProjectConfigurationPlatforms) = postSolution
		{7B3B3F50-2F8D-4B63-A2CA-B28EBE3EF79A}.Debug|Any CPU.ActiveCfg = Debug|Any CPU
		{7B3B3F50-2F8D-4B63-A2CA-B28EBE3EF79A}.Debug|Any CPU.Build.0 = Debug|Any CPU
		{7B3B3F50-2F8D-4B63-A2CA-B28EBE3EF79A}.Release|Any CPU.ActiveCfg = Release|Any CPU
		{7B3B3F50-2F8D-4B63-A2CA-B28EBE3EF79A}.Release|Any CPU.Build.0 = Release|Any CPU
	EndGlobalSection
	GlobalSection(SolutionProperties) = preSolution
		HideSolutionNode = FALSE
	EndGlobalSection
	GlobalSection(ExtensibilityGlobals) = postSolution
		SolutionGuid = {DF75530A-D7E7-4089-9C9F-AA561DCEE252}
	EndGlobalSection
EndGlobal
